
Microsoft Visual Studio Solution File, Format Version 12.00
# Visual Studio Version 17
VisualStudioVersion = 17.8.34330.188
MinimumVisualStudioVersion = 10.0.40219.1
Project("{2150E333-8FDC-42A3-9474-1A3956D46DE8}") = "BestPractices", "BestPractices", "{77E985CA-F276-4CA2-A405-D9FC8C78E459}"
EndProject
Project("{2150E333-8FDC-42A3-9474-1A3956D46DE8}") = "IdentityApp", "IdentityApp", "{FAF17889-40E8-4242-A266-625A3979BDA1}"
EndProject
Project("{2150E333-8FDC-42A3-9474-1A3956D46DE8}") = "nArcitectureDemo", "nArcitectureDemo", "{560B9406-3705-42E8-889B-11CF0780479A}"
EndProject
Project("{2150E333-8FDC-42A3-9474-1A3956D46DE8}") = "ProductApp", "ProductApp", "{34A15B49-C6CD-4A93-815E-6AA40E2958D3}"
EndProject
Project("{2150E333-8FDC-42A3-9474-1A3956D46DE8}") = "StoreApp", "StoreApp", "{56A3E907-F7A8-41AB-A282-6221199972F2}"
EndProject
Project("{2150E333-8FDC-42A3-9474-1A3956D46DE8}") = "src", "src", "{E8D072A8-2559-4861-A879-72A33FA992B7}"
EndProject
Project("{2150E333-8FDC-42A3-9474-1A3956D46DE8}") = "src", "src", "{483E52DE-366E-4117-9123-9F864A08A337}"
EndProject
Project("{9A19103F-16F7-4668-BE54-9A1E7A4F7556}") = "BP.Api", "BestPractices\BP.Api\BP.Api.csproj", "{5D8A8723-4218-4EAC-93F0-301A21B256E9}"
EndProject
Project("{9A19103F-16F7-4668-BE54-9A1E7A4F7556}") = "BP.Api.Data.Models", "BestPractices\BP.Api.Data.Models\BP.Api.Data.Models.csproj", "{D522F7D9-0490-47AE-89D6-0458748E9CB5}"
EndProject
Project("{9A19103F-16F7-4668-BE54-9A1E7A4F7556}") = "BP.Api.Data.Service", "BestPractices\BP.Api.Data.Service\BP.Api.Data.Service.csproj", "{0F0DB272-570E-4B0C-B596-A394985B8EA6}"
EndProject
Project("{9A19103F-16F7-4668-BE54-9A1E7A4F7556}") = "BP.Api.Service", "BestPractices\BP.Api.Service\BP.Api.Service.csproj", "{C75A3E56-2BDD-4871-9811-D8A518198F05}"
EndProject
Project("{9A19103F-16F7-4668-BE54-9A1E7A4F7556}") = "BP.Models", "BestPractices\BP.Models\BP.Models.csproj", "{3B661D97-E04E-4A6B-ACEB-B11A600840CF}"
EndProject
Project("{9A19103F-16F7-4668-BE54-9A1E7A4F7556}") = "IdentityApp", "IdentityApp\IdentityApp\IdentityApp.csproj", "{6EFD57BF-DFAE-4B61-B807-3A013BFA1635}"
EndProject
Project("{9A19103F-16F7-4668-BE54-9A1E7A4F7556}") = "Entities", "StoreApp\Entities\Entities.csproj", "{2B203447-0B20-4C99-BDDE-883A16DCB243}"
EndProject
Project("{9A19103F-16F7-4668-BE54-9A1E7A4F7556}") = "Presentation", "StoreApp\Presentation\Presentation.csproj", "{541BF2CF-2712-4D45-97D2-1C175FAB0C74}"
EndProject
Project("{9A19103F-16F7-4668-BE54-9A1E7A4F7556}") = "Repositories", "StoreApp\Repositories\Repositories.csproj", "{26C3FDC3-416C-44E2-BE07-C927380C3E21}"
EndProject
Project("{9A19103F-16F7-4668-BE54-9A1E7A4F7556}") = "Services", "StoreApp\Services\Services.csproj", "{299AB13B-0F86-4F92-BAA0-37705113D73E}"
EndProject
Project("{9A19103F-16F7-4668-BE54-9A1E7A4F7556}") = "WebApi", "StoreApp\WebApi\WebApi.csproj", "{ADBDFB3A-8E62-4E93-ABE5-883088395BFB}"
EndProject
Project("{2150E333-8FDC-42A3-9474-1A3956D46DE8}") = "Core", "Core", "{A932AFF1-3D4C-4291-BAD4-EC4C9C2CF491}"
EndProject
Project("{2150E333-8FDC-42A3-9474-1A3956D46DE8}") = "Infrastructure", "Infrastructure", "{D1B2E553-0FC5-47D4-8472-58AD281FA6F7}"
EndProject
Project("{2150E333-8FDC-42A3-9474-1A3956D46DE8}") = "WebApi", "WebApi", "{0432D2E0-26E2-4AA8-AFEA-46D3C7449C24}"
EndProject
Project("{9A19103F-16F7-4668-BE54-9A1E7A4F7556}") = "ProductApp.Application", "ProductApp\src\Core\ProductApp.Application\ProductApp.Application.csproj", "{330F8CD1-A854-4493-9444-7EAA4EEBF5C7}"
EndProject
Project("{9A19103F-16F7-4668-BE54-9A1E7A4F7556}") = "ProductApp.Domain", "ProductApp\src\Core\ProductApp.Domain\ProductApp.Domain.csproj", "{77F7F6F8-D217-4058-808D-94E60E637E46}"
EndProject
Project("{9A19103F-16F7-4668-BE54-9A1E7A4F7556}") = "ProductApp.Infrastructure", "ProductApp\src\Infrastructure\ProductApp.Infrastructure\ProductApp.Infrastructure.csproj", "{3CDA3736-A064-41CC-A4BF-73B4D47351A6}"
EndProject
Project("{9A19103F-16F7-4668-BE54-9A1E7A4F7556}") = "ProductApp.Persistence", "ProductApp\src\Infrastructure\ProductApp.Persistence\ProductApp.Persistence.csproj", "{F884AE3B-7B87-4A38-B9AD-971FB414F1A8}"
EndProject
Project("{9A19103F-16F7-4668-BE54-9A1E7A4F7556}") = "ProductApp.WebApi", "ProductApp\src\WebApi\ProductApp.WebApi\ProductApp.WebApi.csproj", "{633F0FEF-6D36-4DFD-8D25-3A6487397F66}"
EndProject
Project("{2150E333-8FDC-42A3-9474-1A3956D46DE8}") = "corePackages", "corePackages", "{2EF9885C-BCAE-4EC1-A72E-677575A1D600}"
EndProject
Project("{2150E333-8FDC-42A3-9474-1A3956D46DE8}") = "rentACar", "rentACar", "{FD24B916-0F24-4AF8-843E-F8D7C1F394AF}"
EndProject
Project("{FAE04EC0-301F-11D3-BF4B-00C04F79EFBC}") = "Core.Application", "nArcitectureDemo\src\corePackages\Core.Application\Core.Application.csproj", "{E3717773-D0CA-4E27-A3FB-37398647B5DE}"
EndProject
Project("{FAE04EC0-301F-11D3-BF4B-00C04F79EFBC}") = "Core.Persistence", "nArcitectureDemo\src\corePackages\Core.Persistence\Core.Persistence.csproj", "{DA090BBC-5604-4A3B-BA11-36C2E2E85514}"
EndProject
Project("{FAE04EC0-301F-11D3-BF4B-00C04F79EFBC}") = "Application", "nArcitectureDemo\src\rentACar\Application\Application.csproj", "{B57AEDEC-BD57-40F6-B9A3-6DB90BA5ADDF}"
EndProject
Project("{FAE04EC0-301F-11D3-BF4B-00C04F79EFBC}") = "Domain", "nArcitectureDemo\src\rentACar\Domain\Domain.csproj", "{7095418A-5285-437C-AA55-B45A1A80529E}"
EndProject
Project("{FAE04EC0-301F-11D3-BF4B-00C04F79EFBC}") = "Infrastructure", "nArcitectureDemo\src\rentACar\Infrastructure\Infrastructure.csproj", "{0EDBCC6D-4051-466D-A4B5-7D07C97ABE7A}"
EndProject
Project("{FAE04EC0-301F-11D3-BF4B-00C04F79EFBC}") = "Persistence", "nArcitectureDemo\src\rentACar\Persistence\Persistence.csproj", "{A8321DCF-A672-43CB-B7DD-54A61A4EA542}"
EndProject
Project("{FAE04EC0-301F-11D3-BF4B-00C04F79EFBC}") = "WebApi", "nArcitectureDemo\src\rentACar\WebApi\WebApi.csproj", "{C9260C8B-BF89-40CE-AE58-78737414D9F6}"
EndProject
Global
	GlobalSection(SolutionConfigurationPlatforms) = preSolution
		Debug|Any CPU = Debug|Any CPU
		Release|Any CPU = Release|Any CPU
	EndGlobalSection
	GlobalSection(ProjectConfigurationPlatforms) = postSolution
		{5D8A8723-4218-4EAC-93F0-301A21B256E9}.Debug|Any CPU.ActiveCfg = Debug|Any CPU
		{5D8A8723-4218-4EAC-93F0-301A21B256E9}.Debug|Any CPU.Build.0 = Debug|Any CPU
		{5D8A8723-4218-4EAC-93F0-301A21B256E9}.Release|Any CPU.ActiveCfg = Release|Any CPU
		{5D8A8723-4218-4EAC-93F0-301A21B256E9}.Release|Any CPU.Build.0 = Release|Any CPU
		{D522F7D9-0490-47AE-89D6-0458748E9CB5}.Debug|Any CPU.ActiveCfg = Debug|Any CPU
		{D522F7D9-0490-47AE-89D6-0458748E9CB5}.Debug|Any CPU.Build.0 = Debug|Any CPU
		{D522F7D9-0490-47AE-89D6-0458748E9CB5}.Release|Any CPU.ActiveCfg = Release|Any CPU
		{D522F7D9-0490-47AE-89D6-0458748E9CB5}.Release|Any CPU.Build.0 = Release|Any CPU
		{0F0DB272-570E-4B0C-B596-A394985B8EA6}.Debug|Any CPU.ActiveCfg = Debug|Any CPU
		{0F0DB272-570E-4B0C-B596-A394985B8EA6}.Debug|Any CPU.Build.0 = Debug|Any CPU
		{0F0DB272-570E-4B0C-B596-A394985B8EA6}.Release|Any CPU.ActiveCfg = Release|Any CPU
		{0F0DB272-570E-4B0C-B596-A394985B8EA6}.Release|Any CPU.Build.0 = Release|Any CPU
		{C75A3E56-2BDD-4871-9811-D8A518198F05}.Debug|Any CPU.ActiveCfg = Debug|Any CPU
		{C75A3E56-2BDD-4871-9811-D8A518198F05}.Debug|Any CPU.Build.0 = Debug|Any CPU
		{C75A3E56-2BDD-4871-9811-D8A518198F05}.Release|Any CPU.ActiveCfg = Release|Any CPU
		{C75A3E56-2BDD-4871-9811-D8A518198F05}.Release|Any CPU.Build.0 = Release|Any CPU
		{3B661D97-E04E-4A6B-ACEB-B11A600840CF}.Debug|Any CPU.ActiveCfg = Debug|Any CPU
		{3B661D97-E04E-4A6B-ACEB-B11A600840CF}.Debug|Any CPU.Build.0 = Debug|Any CPU
		{3B661D97-E04E-4A6B-ACEB-B11A600840CF}.Release|Any CPU.ActiveCfg = Release|Any CPU
		{3B661D97-E04E-4A6B-ACEB-B11A600840CF}.Release|Any CPU.Build.0 = Release|Any CPU
		{6EFD57BF-DFAE-4B61-B807-3A013BFA1635}.Debug|Any CPU.ActiveCfg = Debug|Any CPU
		{6EFD57BF-DFAE-4B61-B807-3A013BFA1635}.Debug|Any CPU.Build.0 = Debug|Any CPU
		{6EFD57BF-DFAE-4B61-B807-3A013BFA1635}.Release|Any CPU.ActiveCfg = Release|Any CPU
		{6EFD57BF-DFAE-4B61-B807-3A013BFA1635}.Release|Any CPU.Build.0 = Release|Any CPU
		{2B203447-0B20-4C99-BDDE-883A16DCB243}.Debug|Any CPU.ActiveCfg = Debug|Any CPU
		{2B203447-0B20-4C99-BDDE-883A16DCB243}.Debug|Any CPU.Build.0 = Debug|Any CPU
		{2B203447-0B20-4C99-BDDE-883A16DCB243}.Release|Any CPU.ActiveCfg = Release|Any CPU
		{2B203447-0B20-4C99-BDDE-883A16DCB243}.Release|Any CPU.Build.0 = Release|Any CPU
		{541BF2CF-2712-4D45-97D2-1C175FAB0C74}.Debug|Any CPU.ActiveCfg = Debug|Any CPU
		{541BF2CF-2712-4D45-97D2-1C175FAB0C74}.Debug|Any CPU.Build.0 = Debug|Any CPU
		{541BF2CF-2712-4D45-97D2-1C175FAB0C74}.Release|Any CPU.ActiveCfg = Release|Any CPU
		{541BF2CF-2712-4D45-97D2-1C175FAB0C74}.Release|Any CPU.Build.0 = Release|Any CPU
		{26C3FDC3-416C-44E2-BE07-C927380C3E21}.Debug|Any CPU.ActiveCfg = Debug|Any CPU
		{26C3FDC3-416C-44E2-BE07-C927380C3E21}.Debug|Any CPU.Build.0 = Debug|Any CPU
		{26C3FDC3-416C-44E2-BE07-C927380C3E21}.Release|Any CPU.ActiveCfg = Release|Any CPU
		{26C3FDC3-416C-44E2-BE07-C927380C3E21}.Release|Any CPU.Build.0 = Release|Any CPU
		{299AB13B-0F86-4F92-BAA0-37705113D73E}.Debug|Any CPU.ActiveCfg = Debug|Any CPU
		{299AB13B-0F86-4F92-BAA0-37705113D73E}.Debug|Any CPU.Build.0 = Debug|Any CPU
		{299AB13B-0F86-4F92-BAA0-37705113D73E}.Release|Any CPU.ActiveCfg = Release|Any CPU
		{299AB13B-0F86-4F92-BAA0-37705113D73E}.Release|Any CPU.Build.0 = Release|Any CPU
		{ADBDFB3A-8E62-4E93-ABE5-883088395BFB}.Debug|Any CPU.ActiveCfg = Debug|Any CPU
		{ADBDFB3A-8E62-4E93-ABE5-883088395BFB}.Debug|Any CPU.Build.0 = Debug|Any CPU
		{ADBDFB3A-8E62-4E93-ABE5-883088395BFB}.Release|Any CPU.ActiveCfg = Release|Any CPU
		{ADBDFB3A-8E62-4E93-ABE5-883088395BFB}.Release|Any CPU.Build.0 = Release|Any CPU
		{330F8CD1-A854-4493-9444-7EAA4EEBF5C7}.Debug|Any CPU.ActiveCfg = Debug|Any CPU
		{330F8CD1-A854-4493-9444-7EAA4EEBF5C7}.Debug|Any CPU.Build.0 = Debug|Any CPU
		{330F8CD1-A854-4493-9444-7EAA4EEBF5C7}.Release|Any CPU.ActiveCfg = Release|Any CPU
		{330F8CD1-A854-4493-9444-7EAA4EEBF5C7}.Release|Any CPU.Build.0 = Release|Any CPU
		{77F7F6F8-D217-4058-808D-94E60E637E46}.Debug|Any CPU.ActiveCfg = Debug|Any CPU
		{77F7F6F8-D217-4058-808D-94E60E637E46}.Debug|Any CPU.Build.0 = Debug|Any CPU
		{77F7F6F8-D217-4058-808D-94E60E637E46}.Release|Any CPU.ActiveCfg = Release|Any CPU
		{77F7F6F8-D217-4058-808D-94E60E637E46}.Release|Any CPU.Build.0 = Release|Any CPU
		{3CDA3736-A064-41CC-A4BF-73B4D47351A6}.Debug|Any CPU.ActiveCfg = Debug|Any CPU
		{3CDA3736-A064-41CC-A4BF-73B4D47351A6}.Debug|Any CPU.Build.0 = Debug|Any CPU
		{3CDA3736-A064-41CC-A4BF-73B4D47351A6}.Release|Any CPU.ActiveCfg = Release|Any CPU
		{3CDA3736-A064-41CC-A4BF-73B4D47351A6}.Release|Any CPU.Build.0 = Release|Any CPU
		{F884AE3B-7B87-4A38-B9AD-971FB414F1A8}.Debug|Any CPU.ActiveCfg = Debug|Any CPU
		{F884AE3B-7B87-4A38-B9AD-971FB414F1A8}.Debug|Any CPU.Build.0 = Debug|Any CPU
		{F884AE3B-7B87-4A38-B9AD-971FB414F1A8}.Release|Any CPU.ActiveCfg = Release|Any CPU
		{F884AE3B-7B87-4A38-B9AD-971FB414F1A8}.Release|Any CPU.Build.0 = Release|Any CPU
		{633F0FEF-6D36-4DFD-8D25-3A6487397F66}.Debug|Any CPU.ActiveCfg = Debug|Any CPU
		{633F0FEF-6D36-4DFD-8D25-3A6487397F66}.Debug|Any CPU.Build.0 = Debug|Any CPU
		{633F0FEF-6D36-4DFD-8D25-3A6487397F66}.Release|Any CPU.ActiveCfg = Release|Any CPU
		{633F0FEF-6D36-4DFD-8D25-3A6487397F66}.Release|Any CPU.Build.0 = Release|Any CPU
		{E3717773-D0CA-4E27-A3FB-37398647B5DE}.Debug|Any CPU.ActiveCfg = Debug|Any CPU
		{E3717773-D0CA-4E27-A3FB-37398647B5DE}.Debug|Any CPU.Build.0 = Debug|Any CPU
		{E3717773-D0CA-4E27-A3FB-37398647B5DE}.Release|Any CPU.ActiveCfg = Release|Any CPU
		{E3717773-D0CA-4E27-A3FB-37398647B5DE}.Release|Any CPU.Build.0 = Release|Any CPU
		{DA090BBC-5604-4A3B-BA11-36C2E2E85514}.Debug|Any CPU.ActiveCfg = Debug|Any CPU
		{DA090BBC-5604-4A3B-BA11-36C2E2E85514}.Debug|Any CPU.Build.0 = Debug|Any CPU
		{DA090BBC-5604-4A3B-BA11-36C2E2E85514}.Release|Any CPU.ActiveCfg = Release|Any CPU
		{DA090BBC-5604-4A3B-BA11-36C2E2E85514}.Release|Any CPU.Build.0 = Release|Any CPU
		{B57AEDEC-BD57-40F6-B9A3-6DB90BA5ADDF}.Debug|Any CPU.ActiveCfg = Debug|Any CPU
		{B57AEDEC-BD57-40F6-B9A3-6DB90BA5ADDF}.Debug|Any CPU.Build.0 = Debug|Any CPU
		{B57AEDEC-BD57-40F6-B9A3-6DB90BA5ADDF}.Release|Any CPU.ActiveCfg = Release|Any CPU
		{B57AEDEC-BD57-40F6-B9A3-6DB90BA5ADDF}.Release|Any CPU.Build.0 = Release|Any CPU
		{7095418A-5285-437C-AA55-B45A1A80529E}.Debug|Any CPU.ActiveCfg = Debug|Any CPU
		{7095418A-5285-437C-AA55-B45A1A80529E}.Debug|Any CPU.Build.0 = Debug|Any CPU
		{7095418A-5285-437C-AA55-B45A1A80529E}.Release|Any CPU.ActiveCfg = Release|Any CPU
		{7095418A-5285-437C-AA55-B45A1A80529E}.Release|Any CPU.Build.0 = Release|Any CPU
		{0EDBCC6D-4051-466D-A4B5-7D07C97ABE7A}.Debug|Any CPU.ActiveCfg = Debug|Any CPU
		{0EDBCC6D-4051-466D-A4B5-7D07C97ABE7A}.Debug|Any CPU.Build.0 = Debug|Any CPU
		{0EDBCC6D-4051-466D-A4B5-7D07C97ABE7A}.Release|Any CPU.ActiveCfg = Release|Any CPU
		{0EDBCC6D-4051-466D-A4B5-7D07C97ABE7A}.Release|Any CPU.Build.0 = Release|Any CPU
		{A8321DCF-A672-43CB-B7DD-54A61A4EA542}.Debug|Any CPU.ActiveCfg = Debug|Any CPU
		{A8321DCF-A672-43CB-B7DD-54A61A4EA542}.Debug|Any CPU.Build.0 = Debug|Any CPU
		{A8321DCF-A672-43CB-B7DD-54A61A4EA542}.Release|Any CPU.ActiveCfg = Release|Any CPU
		{A8321DCF-A672-43CB-B7DD-54A61A4EA542}.Release|Any CPU.Build.0 = Release|Any CPU
		{C9260C8B-BF89-40CE-AE58-78737414D9F6}.Debug|Any CPU.ActiveCfg = Debug|Any CPU
		{C9260C8B-BF89-40CE-AE58-78737414D9F6}.Debug|Any CPU.Build.0 = Debug|Any CPU
		{C9260C8B-BF89-40CE-AE58-78737414D9F6}.Release|Any CPU.ActiveCfg = Release|Any CPU
		{C9260C8B-BF89-40CE-AE58-78737414D9F6}.Release|Any CPU.Build.0 = Release|Any CPU
	EndGlobalSection
	GlobalSection(SolutionProperties) = preSolution
		HideSolutionNode = FALSE
	EndGlobalSection
	GlobalSection(NestedProjects) = preSolution
		{E8D072A8-2559-4861-A879-72A33FA992B7} = {560B9406-3705-42E8-889B-11CF0780479A}
		{483E52DE-366E-4117-9123-9F864A08A337} = {34A15B49-C6CD-4A93-815E-6AA40E2958D3}
		{5D8A8723-4218-4EAC-93F0-301A21B256E9} = {77E985CA-F276-4CA2-A405-D9FC8C78E459}
		{D522F7D9-0490-47AE-89D6-0458748E9CB5} = {77E985CA-F276-4CA2-A405-D9FC8C78E459}
		{0F0DB272-570E-4B0C-B596-A394985B8EA6} = {77E985CA-F276-4CA2-A405-D9FC8C78E459}
		{C75A3E56-2BDD-4871-9811-D8A518198F05} = {77E985CA-F276-4CA2-A405-D9FC8C78E459}
		{3B661D97-E04E-4A6B-ACEB-B11A600840CF} = {77E985CA-F276-4CA2-A405-D9FC8C78E459}
		{6EFD57BF-DFAE-4B61-B807-3A013BFA1635} = {FAF17889-40E8-4242-A266-625A3979BDA1}
		{2B203447-0B20-4C99-BDDE-883A16DCB243} = {56A3E907-F7A8-41AB-A282-6221199972F2}
		{541BF2CF-2712-4D45-97D2-1C175FAB0C74} = {56A3E907-F7A8-41AB-A282-6221199972F2}
		{26C3FDC3-416C-44E2-BE07-C927380C3E21} = {56A3E907-F7A8-41AB-A282-6221199972F2}
		{299AB13B-0F86-4F92-BAA0-37705113D73E} = {56A3E907-F7A8-41AB-A282-6221199972F2}
		{ADBDFB3A-8E62-4E93-ABE5-883088395BFB} = {56A3E907-F7A8-41AB-A282-6221199972F2}
		{A932AFF1-3D4C-4291-BAD4-EC4C9C2CF491} = {483E52DE-366E-4117-9123-9F864A08A337}
		{D1B2E553-0FC5-47D4-8472-58AD281FA6F7} = {483E52DE-366E-4117-9123-9F864A08A337}
		{0432D2E0-26E2-4AA8-AFEA-46D3C7449C24} = {483E52DE-366E-4117-9123-9F864A08A337}
		{330F8CD1-A854-4493-9444-7EAA4EEBF5C7} = {A932AFF1-3D4C-4291-BAD4-EC4C9C2CF491}
		{77F7F6F8-D217-4058-808D-94E60E637E46} = {A932AFF1-3D4C-4291-BAD4-EC4C9C2CF491}
		{3CDA3736-A064-41CC-A4BF-73B4D47351A6} = {D1B2E553-0FC5-47D4-8472-58AD281FA6F7}
		{F884AE3B-7B87-4A38-B9AD-971FB414F1A8} = {D1B2E553-0FC5-47D4-8472-58AD281FA6F7}
		{633F0FEF-6D36-4DFD-8D25-3A6487397F66} = {0432D2E0-26E2-4AA8-AFEA-46D3C7449C24}
		{2EF9885C-BCAE-4EC1-A72E-677575A1D600} = {E8D072A8-2559-4861-A879-72A33FA992B7}
		{FD24B916-0F24-4AF8-843E-F8D7C1F394AF} = {E8D072A8-2559-4861-A879-72A33FA992B7}
		{E3717773-D0CA-4E27-A3FB-37398647B5DE} = {2EF9885C-BCAE-4EC1-A72E-677575A1D600}
		{DA090BBC-5604-4A3B-BA11-36C2E2E85514} = {2EF9885C-BCAE-4EC1-A72E-677575A1D600}
		{B57AEDEC-BD57-40F6-B9A3-6DB90BA5ADDF} = {FD24B916-0F24-4AF8-843E-F8D7C1F394AF}
		{7095418A-5285-437C-AA55-B45A1A80529E} = {FD24B916-0F24-4AF8-843E-F8D7C1F394AF}
		{0EDBCC6D-4051-466D-A4B5-7D07C97ABE7A} = {FD24B916-0F24-4AF8-843E-F8D7C1F394AF}
		{A8321DCF-A672-43CB-B7DD-54A61A4EA542} = {FD24B916-0F24-4AF8-843E-F8D7C1F394AF}
		{C9260C8B-BF89-40CE-AE58-78737414D9F6} = {FD24B916-0F24-4AF8-843E-F8D7C1F394AF}
	EndGlobalSection
	GlobalSection(ExtensibilityGlobals) = postSolution
		SolutionGuid = {D5AFFDEE-0687-4B54-835E-DA0F1D8FD807}
	EndGlobalSection
EndGlobal
